
Microsoft Visual Studio Solution File, Format Version 12.00
# Visual Studio Version 17
VisualStudioVersion = 17.5.33516.290
MinimumVisualStudioVersion = 10.0.40219.1
Project("{FAE04EC0-301F-11D3-BF4B-00C04F79EFBC}") = "Queue_LL", "Queue_LL\Queue_LL.csproj", "{328FAAE6-AE1B-439F-A583-3A4D7AEF83AA}"
EndProject
Global
	GlobalSection(SolutionConfigurationPlatforms) = preSolution
		Debug|Any CPU = Debug|Any CPU
		Release|Any CPU = Release|Any CPU
	EndGlobalSection
	GlobalSection(ProjectConfigurationPlatforms) = postSolution
		{328FAAE6-AE1B-439F-A583-3A4D7AEF83AA}.Debug|Any CPU.ActiveCfg = Debug|Any CPU
		{328FAAE6-AE1B-439F-A583-3A4D7AEF83AA}.Debug|Any CPU.Build.0 = Debug|Any CPU
		{328FAAE6-AE1B-439F-A583-3A4D7AEF83AA}.Release|Any CPU.ActiveCfg = Release|Any CPU
		{328FAAE6-AE1B-439F-A583-3A4D7AEF83AA}.Release|Any CPU.Build.0 = Release|Any CPU
	EndGlobalSection
	GlobalSection(SolutionProperties) = preSolution
		HideSolutionNode = FALSE
	EndGlobalSection
	GlobalSection(ExtensibilityGlobals) = postSolution
		SolutionGuid = {FBC2895B-FD84-42B1-8C97-654B2E504DE1}
	EndGlobalSection
EndGlobal
