
Microsoft Visual Studio Solution File, Format Version 12.00
# Visual Studio Version 17
VisualStudioVersion = 17.5.33516.290
MinimumVisualStudioVersion = 10.0.40219.1
Project("{FAE04EC0-301F-11D3-BF4B-00C04F79EFBC}") = "Dictionary", "Dictionary\Dictionary.csproj", "{2B037C09-7D15-40E2-8890-A89CDBBD8B69}"
EndProject
Global
	GlobalSection(SolutionConfigurationPlatforms) = preSolution
		Debug|Any CPU = Debug|Any CPU
		Release|Any CPU = Release|Any CPU
	EndGlobalSection
	GlobalSection(ProjectConfigurationPlatforms) = postSolution
		{2B037C09-7D15-40E2-8890-A89CDBBD8B69}.Debug|Any CPU.ActiveCfg = Debug|Any CPU
		{2B037C09-7D15-40E2-8890-A89CDBBD8B69}.Debug|Any CPU.Build.0 = Debug|Any CPU
		{2B037C09-7D15-40E2-8890-A89CDBBD8B69}.Release|Any CPU.ActiveCfg = Release|Any CPU
		{2B037C09-7D15-40E2-8890-A89CDBBD8B69}.Release|Any CPU.Build.0 = Release|Any CPU
	EndGlobalSection
	GlobalSection(SolutionProperties) = preSolution
		HideSolutionNode = FALSE
	EndGlobalSection
	GlobalSection(ExtensibilityGlobals) = postSolution
		SolutionGuid = {EA920234-4A00-4095-B7AC-B2DC6D35D423}
	EndGlobalSection
EndGlobal
