
Microsoft Visual Studio Solution File, Format Version 12.00
# Visual Studio Version 16
VisualStudioVersion = 16.0.33328.57
MinimumVisualStudioVersion = 10.0.40219.1
Project("{FAE04EC0-301F-11D3-BF4B-00C04F79EFBC}") = "Form_GPTB2_P", "Form_GPTB2_P\Form_GPTB2_P.csproj", "{357E5A47-41C4-477F-8598-28BBA0A74D92}"
EndProject
Global
	GlobalSection(SolutionConfigurationPlatforms) = preSolution
		Debug|Any CPU = Debug|Any CPU
		Release|Any CPU = Release|Any CPU
	EndGlobalSection
	GlobalSection(ProjectConfigurationPlatforms) = postSolution
		{357E5A47-41C4-477F-8598-28BBA0A74D92}.Debug|Any CPU.ActiveCfg = Debug|Any CPU
		{357E5A47-41C4-477F-8598-28BBA0A74D92}.Debug|Any CPU.Build.0 = Debug|Any CPU
		{357E5A47-41C4-477F-8598-28BBA0A74D92}.Release|Any CPU.ActiveCfg = Release|Any CPU
		{357E5A47-41C4-477F-8598-28BBA0A74D92}.Release|Any CPU.Build.0 = Release|Any CPU
	EndGlobalSection
	GlobalSection(SolutionProperties) = preSolution
		HideSolutionNode = FALSE
	EndGlobalSection
	GlobalSection(ExtensibilityGlobals) = postSolution
		SolutionGuid = {CA31B509-1BF2-49B7-973F-CF35802D594D}
	EndGlobalSection
EndGlobal
